<?xml version="1.0" encoding="utf-8"?>
<Project ToolsVersion="4.0" xmlns="http://schemas.microsoft.com/developer/msbuild/2003">
  <ItemGroup>
    <Filter Include="Header Files">
      <UniqueIdentifier>{93995380-89BD-4b04-88EB-625FBE52EBFB}</UniqueIdentifier>
      <Extensions>h;hh;hpp;hxx;hm;inl;inc;ipp;xsd</Extensions>
    </Filter>
    <Filter Include="Source Files">
      <UniqueIdentifier>{f92c21aa-8650-43e0-8857-909df6e66920}</UniqueIdentifier>
    </Filter>
  </ItemGroup>
  <ItemGroup>
    <ClInclude Include="src\Game.h">
      <Filter>Header Files</Filter>
    </ClInclude>
    <ClInclude Include="src\Utils\Controller.h">
      <Filter>Header Files</Filter>
    </ClInclude>
    <ClInclude Include="src\Utils\FPS.h">
      <Filter>Header Files</Filter>
    </ClInclude>
    <ClInclude Include="src\Utils\Keyboard.h">
      <Filter>Header Files</Filter>
    </ClInclude>
    <ClInclude Include="src\States\MenuState.h">
      <Filter>Header Files</Filter>
    </ClInclude>
    <ClInclude Include="src\States\PauseState.h">
      <Filter>Header Files</Filter>
    </ClInclude>
    <ClInclude Include="src\States\PlayingState.h">
      <Filter>Header Files</Filter>
    </ClInclude>
    <ClInclude Include="src\States\Settings.h">
      <Filter>Header Files</Filter>
    </ClInclude>
    <ClInclude Include="src\States\SplashState.h">
      <Filter>Header Files</Filter>
    </ClInclude>
    <ClInclude Include="src\States\State.h">
      <Filter>Header Files</Filter>
    </ClInclude>
    <ClInclude Include="src\ResourceManagement\ResourceManager.h">
      <Filter>Header Files</Filter>
    </ClInclude>
    <ClInclude Include="src\LevelEditor\LevelEditor.h">
      <Filter>Header Files</Filter>
    </ClInclude>
    <ClInclude Include="src\LevelEditor\Tile.h">
      <Filter>Header Files</Filter>
    </ClInclude>
    <ClInclude Include="src\Entity\Entity.h">
      <Filter>Header Files</Filter>
    </ClInclude>
    <ClInclude Include="src\Entity\Player.h">
      <Filter>Header Files</Filter>
    </ClInclude>
    <ClInclude Include="src\Components\AnimationComponent.h">
      <Filter>Header Files</Filter>
    </ClInclude>
    <ClInclude Include="src\Components\Components.h">
      <Filter>Header Files</Filter>
    </ClInclude>
    <ClInclude Include="src\Components\HitBoxComponent.h">
      <Filter>Header Files</Filter>
    </ClInclude>
    <ClInclude Include="src\Components\MovementComponent.h">
      <Filter>Header Files</Filter>
    </ClInclude>
    <ClInclude Include="src\Gui\Gui.h">
      <Filter>Header Files</Filter>
    </ClInclude>
    <ClInclude Include="src\Utils\Random.h">
      <Filter>Header Files</Filter>
    </ClInclude>
    <ClInclude Include="src\Gui\Button.h">
      <Filter>Header Files</Filter>
    </ClInclude>
    <ClInclude Include="src\Gui\DropDownList.h">
      <Filter>Header Files</Filter>
    </ClInclude>
    <ClInclude Include="src\Gui\StackMenu.h">
      <Filter>Header Files</Filter>
    </ClInclude>
    <ClInclude Include="src\Gui\Slider.h">
      <Filter>Header Files</Filter>
    </ClInclude>
    <ClInclude Include="src\pcHeaders.h">
      <Filter>Header Files</Filter>
    </ClInclude>
    <ClInclude Include="src\Gui\PopUpContainer.h">
      <Filter>Header Files</Filter>
    </ClInclude>
    <ClInclude Include="src\LevelEditor\TileMap.h">
      <Filter>Header Files</Filter>
    </ClInclude>
    <ClInclude Include="src\Utils\UtilityFunctions.h">
      <Filter>Header Files</Filter>
    </ClInclude>
    <ClInclude Include="src\States\EditorStates\EditorState.h">
      <Filter>Header Files</Filter>
    </ClInclude>
    <ClInclude Include="src\States\EditorStates\EditorSetupState.h">
      <Filter>Header Files</Filter>
    </ClInclude>
  </ItemGroup>
  <ItemGroup>
    <ClCompile Include="src\Components\AnimationComponent.cpp">
      <Filter>Source Files</Filter>
    </ClCompile>
    <ClCompile Include="src\Utils\Controller.cpp">
      <Filter>Source Files</Filter>
    </ClCompile>
    <ClCompile Include="src\Entity\Entity.cpp">
      <Filter>Source Files</Filter>
    </ClCompile>
    <ClCompile Include="src\Game.cpp">
      <Filter>Source Files</Filter>
    </ClCompile>
    <ClCompile Include="src\Components\HitBoxComponent.cpp">
      <Filter>Source Files</Filter>
    </ClCompile>
    <ClCompile Include="src\Utils\Keyboard.cpp">
      <Filter>Source Files</Filter>
    </ClCompile>
    <ClCompile Include="src\LevelEditor\LevelEditor.cpp">
      <Filter>Source Files</Filter>
    </ClCompile>
    <ClCompile Include="src\States\MenuState.cpp">
      <Filter>Source Files</Filter>
    </ClCompile>
    <ClCompile Include="src\Components\MovementComponent.cpp">
      <Filter>Source Files</Filter>
    </ClCompile>
    <ClCompile Include="src\States\PauseState.cpp">
      <Filter>Source Files</Filter>
    </ClCompile>
    <ClCompile Include="src\Entity\Player.cpp">
      <Filter>Source Files</Filter>
    </ClCompile>
    <ClCompile Include="src\States\PlayingState.cpp">
      <Filter>Source Files</Filter>
    </ClCompile>
    <ClCompile Include="src\ResourceManagement\ResourceManager.cpp">
      <Filter>Source Files</Filter>
    </ClCompile>
    <ClCompile Include="src\States\Settings.cpp">
      <Filter>Source Files</Filter>
    </ClCompile>
    <ClCompile Include="src\States\SplashState.cpp">
      <Filter>Source Files</Filter>
    </ClCompile>
    <ClCompile Include="src\States\State.cpp">
      <Filter>Source Files</Filter>
    </ClCompile>
    <ClCompile Include="src\LevelEditor\Tile.cpp">
      <Filter>Source Files</Filter>
    </ClCompile>
    <ClCompile Include="src\main.cpp" />
    <ClCompile Include="src\Gui\Button.cpp" />
    <ClCompile Include="src\Gui\DropDownList.cpp" />
    <ClCompile Include="src\Gui\StackMenu.cpp" />
    <ClCompile Include="src\Gui\Gui.cpp" />
    <ClCompile Include="src\Gui\Slider.cpp" />
    <ClCompile Include="src\Utils\Random.cpp" />
    <ClCompile Include="src\Utils\FPS.cpp" />
    <ClCompile Include="src\pcHeaders.cpp" />
    <ClCompile Include="src\Gui\PopUpContainer.cpp" />
    <ClCompile Include="src\LevelEditor\TileMap.cpp" />
    <ClCompile Include="src\Utils\UtilityFunctions.cpp" />
    <ClCompile Include="src\States\EditorStates\EditorState.cpp">
      <Filter>Source Files</Filter>
    </ClCompile>
    <ClCompile Include="src\States\EditorStates\EditorSetupState.cpp" />
  </ItemGroup>
  <ItemGroup>
    <None Include="res\Input\editor_state_key_binds.ini">
      <Filter>Source Files</Filter>
    </None>
    <None Include="res\Input\game_key_binds.ini">
      <Filter>Source Files</Filter>
    </None>
    <None Include="res\Input\supported_keys.ini">
      <Filter>Source Files</Filter>
    </None>
    <None Include="res\Window\supported_resolutions.ini">
      <Filter>Source Files</Filter>
    </None>
    <None Include="res\Window\window_setup.ini">
      <Filter>Source Files</Filter>
    </None>
  </ItemGroup>
</Project>